
Microsoft Visual Studio Solution File, Format Version 12.00
# Visual Studio 15
VisualStudioVersion = 15.0.26730.16
MinimumVisualStudioVersion = 10.0.40219.1
Project("{FAE04EC0-301F-11D3-BF4B-00C04F79EFBC}") = "Practica6.Android", "Practica6\Practica6.Android\Practica6.Android.csproj", "{00D36D44-5F71-448E-90ED-C4170C786032}"
EndProject
Project("{FAE04EC0-301F-11D3-BF4B-00C04F79EFBC}") = "Practica6", "Practica6\Practica6\Practica6.csproj", "{3E550ED1-A601-42BA-A818-F51A8BB586F5}"
EndProject
Project("{FAE04EC0-301F-11D3-BF4B-00C04F79EFBC}") = "Practica6.UWP", "Practica6\Practica6.UWP\Practica6.UWP.csproj", "{507087C0-E7C9-47BE-B5A0-592EEC8B37D0}"
EndProject
Project("{FAE04EC0-301F-11D3-BF4B-00C04F79EFBC}") = "Practica6.iOS", "Practica6\Practica6.iOS\Practica6.iOS.csproj", "{9938CA1F-D462-464E-9E13-7868EA7391E2}"
EndProject
Global
	GlobalSection(SolutionConfigurationPlatforms) = preSolution
		Ad-Hoc|Any CPU = Ad-Hoc|Any CPU
		Ad-Hoc|ARM = Ad-Hoc|ARM
		Ad-Hoc|iPhone = Ad-Hoc|iPhone
		Ad-Hoc|iPhoneSimulator = Ad-Hoc|iPhoneSimulator
		Ad-Hoc|x64 = Ad-Hoc|x64
		Ad-Hoc|x86 = Ad-Hoc|x86
		AppStore|Any CPU = AppStore|Any CPU
		AppStore|ARM = AppStore|ARM
		AppStore|iPhone = AppStore|iPhone
		AppStore|iPhoneSimulator = AppStore|iPhoneSimulator
		AppStore|x64 = AppStore|x64
		AppStore|x86 = AppStore|x86
		Debug|Any CPU = Debug|Any CPU
		Debug|ARM = Debug|ARM
		Debug|iPhone = Debug|iPhone
		Debug|iPhoneSimulator = Debug|iPhoneSimulator
		Debug|x64 = Debug|x64
		Debug|x86 = Debug|x86
		Release|Any CPU = Release|Any CPU
		Release|ARM = Release|ARM
		Release|iPhone = Release|iPhone
		Release|iPhoneSimulator = Release|iPhoneSimulator
		Release|x64 = Release|x64
		Release|x86 = Release|x86
	EndGlobalSection
	GlobalSection(ProjectConfigurationPlatforms) = postSolution
		{00D36D44-5F71-448E-90ED-C4170C786032}.Ad-Hoc|Any CPU.ActiveCfg = Release|Any CPU
		{00D36D44-5F71-448E-90ED-C4170C786032}.Ad-Hoc|Any CPU.Build.0 = Release|Any CPU
		{00D36D44-5F71-448E-90ED-C4170C786032}.Ad-Hoc|Any CPU.Deploy.0 = Release|Any CPU
		{00D36D44-5F71-448E-90ED-C4170C786032}.Ad-Hoc|ARM.ActiveCfg = Release|Any CPU
		{00D36D44-5F71-448E-90ED-C4170C786032}.Ad-Hoc|ARM.Build.0 = Release|Any CPU
		{00D36D44-5F71-448E-90ED-C4170C786032}.Ad-Hoc|ARM.Deploy.0 = Release|Any CPU
		{00D36D44-5F71-448E-90ED-C4170C786032}.Ad-Hoc|iPhone.ActiveCfg = Release|Any CPU
		{00D36D44-5F71-448E-90ED-C4170C786032}.Ad-Hoc|iPhone.Build.0 = Release|Any CPU
		{00D36D44-5F71-448E-90ED-C4170C786032}.Ad-Hoc|iPhone.Deploy.0 = Release|Any CPU
		{00D36D44-5F71-448E-90ED-C4170C786032}.Ad-Hoc|iPhoneSimulator.ActiveCfg = Release|Any CPU
		{00D36D44-5F71-448E-90ED-C4170C786032}.Ad-Hoc|iPhoneSimulator.Build.0 = Release|Any CPU
		{00D36D44-5F71-448E-90ED-C4170C786032}.Ad-Hoc|iPhoneSimulator.Deploy.0 = Release|Any CPU
		{00D36D44-5F71-448E-90ED-C4170C786032}.Ad-Hoc|x64.ActiveCfg = Release|Any CPU
		{00D36D44-5F71-448E-90ED-C4170C786032}.Ad-Hoc|x64.Build.0 = Release|Any CPU
		{00D36D44-5F71-448E-90ED-C4170C786032}.Ad-Hoc|x64.Deploy.0 = Release|Any CPU
		{00D36D44-5F71-448E-90ED-C4170C786032}.Ad-Hoc|x86.ActiveCfg = Release|Any CPU
		{00D36D44-5F71-448E-90ED-C4170C786032}.Ad-Hoc|x86.Build.0 = Release|Any CPU
		{00D36D44-5F71-448E-90ED-C4170C786032}.Ad-Hoc|x86.Deploy.0 = Release|Any CPU
		{00D36D44-5F71-448E-90ED-C4170C786032}.AppStore|Any CPU.ActiveCfg = Release|Any CPU
		{00D36D44-5F71-448E-90ED-C4170C786032}.AppStore|Any CPU.Build.0 = Release|Any CPU
		{00D36D44-5F71-448E-90ED-C4170C786032}.AppStore|Any CPU.Deploy.0 = Release|Any CPU
		{00D36D44-5F71-448E-90ED-C4170C786032}.AppStore|ARM.ActiveCfg = Release|Any CPU
		{00D36D44-5F71-448E-90ED-C4170C786032}.AppStore|ARM.Build.0 = Release|Any CPU
		{00D36D44-5F71-448E-90ED-C4170C786032}.AppStore|ARM.Deploy.0 = Release|Any CPU
		{00D36D44-5F71-448E-90ED-C4170C786032}.AppStore|iPhone.ActiveCfg = Release|Any CPU
		{00D36D44-5F71-448E-90ED-C4170C786032}.AppStore|iPhone.Build.0 = Release|Any CPU
		{00D36D44-5F71-448E-90ED-C4170C786032}.AppStore|iPhone.Deploy.0 = Release|Any CPU
		{00D36D44-5F71-448E-90ED-C4170C786032}.AppStore|iPhoneSimulator.ActiveCfg = Release|Any CPU
		{00D36D44-5F71-448E-90ED-C4170C786032}.AppStore|iPhoneSimulator.Build.0 = Release|Any CPU
		{00D36D44-5F71-448E-90ED-C4170C786032}.AppStore|iPhoneSimulator.Deploy.0 = Release|Any CPU
		{00D36D44-5F71-448E-90ED-C4170C786032}.AppStore|x64.ActiveCfg = Release|Any CPU
		{00D36D44-5F71-448E-90ED-C4170C786032}.AppStore|x64.Build.0 = Release|Any CPU
		{00D36D44-5F71-448E-90ED-C4170C786032}.AppStore|x64.Deploy.0 = Release|Any CPU
		{00D36D44-5F71-448E-90ED-C4170C786032}.AppStore|x86.ActiveCfg = Release|Any CPU
		{00D36D44-5F71-448E-90ED-C4170C786032}.AppStore|x86.Build.0 = Release|Any CPU
		{00D36D44-5F71-448E-90ED-C4170C786032}.AppStore|x86.Deploy.0 = Release|Any CPU
		{00D36D44-5F71-448E-90ED-C4170C786032}.Debug|Any CPU.ActiveCfg = Debug|Any CPU
		{00D36D44-5F71-448E-90ED-C4170C786032}.Debug|Any CPU.Build.0 = Debug|Any CPU
		{00D36D44-5F71-448E-90ED-C4170C786032}.Debug|Any CPU.Deploy.0 = Debug|Any CPU
		{00D36D44-5F71-448E-90ED-C4170C786032}.Debug|ARM.ActiveCfg = Debug|Any CPU
		{00D36D44-5F71-448E-90ED-C4170C786032}.Debug|ARM.Build.0 = Debug|Any CPU
		{00D36D44-5F71-448E-90ED-C4170C786032}.Debug|ARM.Deploy.0 = Debug|Any CPU
		{00D36D44-5F71-448E-90ED-C4170C786032}.Debug|iPhone.ActiveCfg = Debug|Any CPU
		{00D36D44-5F71-448E-90ED-C4170C786032}.Debug|iPhone.Build.0 = Debug|Any CPU
		{00D36D44-5F71-448E-90ED-C4170C786032}.Debug|iPhone.Deploy.0 = Debug|Any CPU
		{00D36D44-5F71-448E-90ED-C4170C786032}.Debug|iPhoneSimulator.ActiveCfg = Debug|Any CPU
		{00D36D44-5F71-448E-90ED-C4170C786032}.Debug|iPhoneSimulator.Build.0 = Debug|Any CPU
		{00D36D44-5F71-448E-90ED-C4170C786032}.Debug|iPhoneSimulator.Deploy.0 = Debug|Any CPU
		{00D36D44-5F71-448E-90ED-C4170C786032}.Debug|x64.ActiveCfg = Debug|Any CPU
		{00D36D44-5F71-448E-90ED-C4170C786032}.Debug|x64.Build.0 = Debug|Any CPU
		{00D36D44-5F71-448E-90ED-C4170C786032}.Debug|x64.Deploy.0 = Debug|Any CPU
		{00D36D44-5F71-448E-90ED-C4170C786032}.Debug|x86.ActiveCfg = Debug|Any CPU
		{00D36D44-5F71-448E-90ED-C4170C786032}.Debug|x86.Build.0 = Debug|Any CPU
		{00D36D44-5F71-448E-90ED-C4170C786032}.Debug|x86.Deploy.0 = Debug|Any CPU
		{00D36D44-5F71-448E-90ED-C4170C786032}.Release|Any CPU.ActiveCfg = Release|Any CPU
		{00D36D44-5F71-448E-90ED-C4170C786032}.Release|Any CPU.Build.0 = Release|Any CPU
		{00D36D44-5F71-448E-90ED-C4170C786032}.Release|Any CPU.Deploy.0 = Release|Any CPU
		{00D36D44-5F71-448E-90ED-C4170C786032}.Release|ARM.ActiveCfg = Release|Any CPU
		{00D36D44-5F71-448E-90ED-C4170C786032}.Release|ARM.Build.0 = Release|Any CPU
		{00D36D44-5F71-448E-90ED-C4170C786032}.Release|ARM.Deploy.0 = Release|Any CPU
		{00D36D44-5F71-448E-90ED-C4170C786032}.Release|iPhone.ActiveCfg = Release|Any CPU
		{00D36D44-5F71-448E-90ED-C4170C786032}.Release|iPhone.Build.0 = Release|Any CPU
		{00D36D44-5F71-448E-90ED-C4170C786032}.Release|iPhone.Deploy.0 = Release|Any CPU
		{00D36D44-5F71-448E-90ED-C4170C786032}.Release|iPhoneSimulator.ActiveCfg = Release|Any CPU
		{00D36D44-5F71-448E-90ED-C4170C786032}.Release|iPhoneSimulator.Build.0 = Release|Any CPU
		{00D36D44-5F71-448E-90ED-C4170C786032}.Release|iPhoneSimulator.Deploy.0 = Release|Any CPU
		{00D36D44-5F71-448E-90ED-C4170C786032}.Release|x64.ActiveCfg = Release|Any CPU
		{00D36D44-5F71-448E-90ED-C4170C786032}.Release|x64.Build.0 = Release|Any CPU
		{00D36D44-5F71-448E-90ED-C4170C786032}.Release|x64.Deploy.0 = Release|Any CPU
		{00D36D44-5F71-448E-90ED-C4170C786032}.Release|x86.ActiveCfg = Release|Any CPU
		{00D36D44-5F71-448E-90ED-C4170C786032}.Release|x86.Build.0 = Release|Any CPU
		{00D36D44-5F71-448E-90ED-C4170C786032}.Release|x86.Deploy.0 = Release|Any CPU
		{3E550ED1-A601-42BA-A818-F51A8BB586F5}.Ad-Hoc|Any CPU.ActiveCfg = Release|Any CPU
		{3E550ED1-A601-42BA-A818-F51A8BB586F5}.Ad-Hoc|Any CPU.Build.0 = Release|Any CPU
		{3E550ED1-A601-42BA-A818-F51A8BB586F5}.Ad-Hoc|ARM.ActiveCfg = Release|Any CPU
		{3E550ED1-A601-42BA-A818-F51A8BB586F5}.Ad-Hoc|ARM.Build.0 = Release|Any CPU
		{3E550ED1-A601-42BA-A818-F51A8BB586F5}.Ad-Hoc|iPhone.ActiveCfg = Release|Any CPU
		{3E550ED1-A601-42BA-A818-F51A8BB586F5}.Ad-Hoc|iPhone.Build.0 = Release|Any CPU
		{3E550ED1-A601-42BA-A818-F51A8BB586F5}.Ad-Hoc|iPhoneSimulator.ActiveCfg = Release|Any CPU
		{3E550ED1-A601-42BA-A818-F51A8BB586F5}.Ad-Hoc|iPhoneSimulator.Build.0 = Release|Any CPU
		{3E550ED1-A601-42BA-A818-F51A8BB586F5}.Ad-Hoc|x64.ActiveCfg = Release|Any CPU
		{3E550ED1-A601-42BA-A818-F51A8BB586F5}.Ad-Hoc|x64.Build.0 = Release|Any CPU
		{3E550ED1-A601-42BA-A818-F51A8BB586F5}.Ad-Hoc|x86.ActiveCfg = Release|Any CPU
		{3E550ED1-A601-42BA-A818-F51A8BB586F5}.Ad-Hoc|x86.Build.0 = Release|Any CPU
		{3E550ED1-A601-42BA-A818-F51A8BB586F5}.AppStore|Any CPU.ActiveCfg = Release|Any CPU
		{3E550ED1-A601-42BA-A818-F51A8BB586F5}.AppStore|Any CPU.Build.0 = Release|Any CPU
		{3E550ED1-A601-42BA-A818-F51A8BB586F5}.AppStore|ARM.ActiveCfg = Release|Any CPU
		{3E550ED1-A601-42BA-A818-F51A8BB586F5}.AppStore|ARM.Build.0 = Release|Any CPU
		{3E550ED1-A601-42BA-A818-F51A8BB586F5}.AppStore|iPhone.ActiveCfg = Release|Any CPU
		{3E550ED1-A601-42BA-A818-F51A8BB586F5}.AppStore|iPhone.Build.0 = Release|Any CPU
		{3E550ED1-A601-42BA-A818-F51A8BB586F5}.AppStore|iPhoneSimulator.ActiveCfg = Release|Any CPU
		{3E550ED1-A601-42BA-A818-F51A8BB586F5}.AppStore|iPhoneSimulator.Build.0 = Release|Any CPU
		{3E550ED1-A601-42BA-A818-F51A8BB586F5}.AppStore|x64.ActiveCfg = Release|Any CPU
		{3E550ED1-A601-42BA-A818-F51A8BB586F5}.AppStore|x64.Build.0 = Release|Any CPU
		{3E550ED1-A601-42BA-A818-F51A8BB586F5}.AppStore|x86.ActiveCfg = Release|Any CPU
		{3E550ED1-A601-42BA-A818-F51A8BB586F5}.AppStore|x86.Build.0 = Release|Any CPU
		{3E550ED1-A601-42BA-A818-F51A8BB586F5}.Debug|Any CPU.ActiveCfg = Debug|Any CPU
		{3E550ED1-A601-42BA-A818-F51A8BB586F5}.Debug|Any CPU.Build.0 = Debug|Any CPU
		{3E550ED1-A601-42BA-A818-F51A8BB586F5}.Debug|ARM.ActiveCfg = Debug|Any CPU
		{3E550ED1-A601-42BA-A818-F51A8BB586F5}.Debug|ARM.Build.0 = Debug|Any CPU
		{3E550ED1-A601-42BA-A818-F51A8BB586F5}.Debug|iPhone.ActiveCfg = Debug|Any CPU
		{3E550ED1-A601-42BA-A818-F51A8BB586F5}.Debug|iPhone.Build.0 = Debug|Any CPU
		{3E550ED1-A601-42BA-A818-F51A8BB586F5}.Debug|iPhoneSimulator.ActiveCfg = Debug|Any CPU
		{3E550ED1-A601-42BA-A818-F51A8BB586F5}.Debug|iPhoneSimulator.Build.0 = Debug|Any CPU
		{3E550ED1-A601-42BA-A818-F51A8BB586F5}.Debug|x64.ActiveCfg = Debug|Any CPU
		{3E550ED1-A601-42BA-A818-F51A8BB586F5}.Debug|x64.Build.0 = Debug|Any CPU
		{3E550ED1-A601-42BA-A818-F51A8BB586F5}.Debug|x86.ActiveCfg = Debug|Any CPU
		{3E550ED1-A601-42BA-A818-F51A8BB586F5}.Debug|x86.Build.0 = Debug|Any CPU
		{3E550ED1-A601-42BA-A818-F51A8BB586F5}.Release|Any CPU.ActiveCfg = Release|Any CPU
		{3E550ED1-A601-42BA-A818-F51A8BB586F5}.Release|Any CPU.Build.0 = Release|Any CPU
		{3E550ED1-A601-42BA-A818-F51A8BB586F5}.Release|ARM.ActiveCfg = Release|Any CPU
		{3E550ED1-A601-42BA-A818-F51A8BB586F5}.Release|ARM.Build.0 = Release|Any CPU
		{3E550ED1-A601-42BA-A818-F51A8BB586F5}.Release|iPhone.ActiveCfg = Release|Any CPU
		{3E550ED1-A601-42BA-A818-F51A8BB586F5}.Release|iPhone.Build.0 = Release|Any CPU
		{3E550ED1-A601-42BA-A818-F51A8BB586F5}.Release|iPhoneSimulator.ActiveCfg = Release|Any CPU
		{3E550ED1-A601-42BA-A818-F51A8BB586F5}.Release|iPhoneSimulator.Build.0 = Release|Any CPU
		{3E550ED1-A601-42BA-A818-F51A8BB586F5}.Release|x64.ActiveCfg = Release|Any CPU
		{3E550ED1-A601-42BA-A818-F51A8BB586F5}.Release|x64.Build.0 = Release|Any CPU
		{3E550ED1-A601-42BA-A818-F51A8BB586F5}.Release|x86.ActiveCfg = Release|Any CPU
		{3E550ED1-A601-42BA-A818-F51A8BB586F5}.Release|x86.Build.0 = Release|Any CPU
		{507087C0-E7C9-47BE-B5A0-592EEC8B37D0}.Ad-Hoc|Any CPU.ActiveCfg = Release|x86
		{507087C0-E7C9-47BE-B5A0-592EEC8B37D0}.Ad-Hoc|Any CPU.Build.0 = Release|x86
		{507087C0-E7C9-47BE-B5A0-592EEC8B37D0}.Ad-Hoc|Any CPU.Deploy.0 = Release|x86
		{507087C0-E7C9-47BE-B5A0-592EEC8B37D0}.Ad-Hoc|ARM.ActiveCfg = Release|ARM
		{507087C0-E7C9-47BE-B5A0-592EEC8B37D0}.Ad-Hoc|ARM.Build.0 = Release|ARM
		{507087C0-E7C9-47BE-B5A0-592EEC8B37D0}.Ad-Hoc|ARM.Deploy.0 = Release|ARM
		{507087C0-E7C9-47BE-B5A0-592EEC8B37D0}.Ad-Hoc|iPhone.ActiveCfg = Release|x86
		{507087C0-E7C9-47BE-B5A0-592EEC8B37D0}.Ad-Hoc|iPhone.Build.0 = Release|x86
		{507087C0-E7C9-47BE-B5A0-592EEC8B37D0}.Ad-Hoc|iPhone.Deploy.0 = Release|x86
		{507087C0-E7C9-47BE-B5A0-592EEC8B37D0}.Ad-Hoc|iPhoneSimulator.ActiveCfg = Release|x86
		{507087C0-E7C9-47BE-B5A0-592EEC8B37D0}.Ad-Hoc|iPhoneSimulator.Build.0 = Release|x86
		{507087C0-E7C9-47BE-B5A0-592EEC8B37D0}.Ad-Hoc|iPhoneSimulator.Deploy.0 = Release|x86
		{507087C0-E7C9-47BE-B5A0-592EEC8B37D0}.Ad-Hoc|x64.ActiveCfg = Release|x64
		{507087C0-E7C9-47BE-B5A0-592EEC8B37D0}.Ad-Hoc|x64.Build.0 = Release|x64
		{507087C0-E7C9-47BE-B5A0-592EEC8B37D0}.Ad-Hoc|x64.Deploy.0 = Release|x64
		{507087C0-E7C9-47BE-B5A0-592EEC8B37D0}.Ad-Hoc|x86.ActiveCfg = Release|x86
		{507087C0-E7C9-47BE-B5A0-592EEC8B37D0}.Ad-Hoc|x86.Build.0 = Release|x86
		{507087C0-E7C9-47BE-B5A0-592EEC8B37D0}.Ad-Hoc|x86.Deploy.0 = Release|x86
		{507087C0-E7C9-47BE-B5A0-592EEC8B37D0}.AppStore|Any CPU.ActiveCfg = Release|x86
		{507087C0-E7C9-47BE-B5A0-592EEC8B37D0}.AppStore|Any CPU.Build.0 = Release|x86
		{507087C0-E7C9-47BE-B5A0-592EEC8B37D0}.AppStore|Any CPU.Deploy.0 = Release|x86
		{507087C0-E7C9-47BE-B5A0-592EEC8B37D0}.AppStore|ARM.ActiveCfg = Release|ARM
		{507087C0-E7C9-47BE-B5A0-592EEC8B37D0}.AppStore|ARM.Build.0 = Release|ARM
		{507087C0-E7C9-47BE-B5A0-592EEC8B37D0}.AppStore|ARM.Deploy.0 = Release|ARM
		{507087C0-E7C9-47BE-B5A0-592EEC8B37D0}.AppStore|iPhone.ActiveCfg = Release|x86
		{507087C0-E7C9-47BE-B5A0-592EEC8B37D0}.AppStore|iPhone.Build.0 = Release|x86
		{507087C0-E7C9-47BE-B5A0-592EEC8B37D0}.AppStore|iPhone.Deploy.0 = Release|x86
		{507087C0-E7C9-47BE-B5A0-592EEC8B37D0}.AppStore|iPhoneSimulator.ActiveCfg = Release|x86
		{507087C0-E7C9-47BE-B5A0-592EEC8B37D0}.AppStore|iPhoneSimulator.Build.0 = Release|x86
		{507087C0-E7C9-47BE-B5A0-592EEC8B37D0}.AppStore|iPhoneSimulator.Deploy.0 = Release|x86
		{507087C0-E7C9-47BE-B5A0-592EEC8B37D0}.AppStore|x64.ActiveCfg = Release|x64
		{507087C0-E7C9-47BE-B5A0-592EEC8B37D0}.AppStore|x64.Build.0 = Release|x64
		{507087C0-E7C9-47BE-B5A0-592EEC8B37D0}.AppStore|x64.Deploy.0 = Release|x64
		{507087C0-E7C9-47BE-B5A0-592EEC8B37D0}.AppStore|x86.ActiveCfg = Release|x86
		{507087C0-E7C9-47BE-B5A0-592EEC8B37D0}.AppStore|x86.Build.0 = Release|x86
		{507087C0-E7C9-47BE-B5A0-592EEC8B37D0}.AppStore|x86.Deploy.0 = Release|x86
		{507087C0-E7C9-47BE-B5A0-592EEC8B37D0}.Debug|Any CPU.ActiveCfg = Debug|x86
		{507087C0-E7C9-47BE-B5A0-592EEC8B37D0}.Debug|ARM.ActiveCfg = Debug|ARM
		{507087C0-E7C9-47BE-B5A0-592EEC8B37D0}.Debug|ARM.Build.0 = Debug|ARM
		{507087C0-E7C9-47BE-B5A0-592EEC8B37D0}.Debug|ARM.Deploy.0 = Debug|ARM
		{507087C0-E7C9-47BE-B5A0-592EEC8B37D0}.Debug|iPhone.ActiveCfg = Debug|x86
		{507087C0-E7C9-47BE-B5A0-592EEC8B37D0}.Debug|iPhoneSimulator.ActiveCfg = Debug|x86
		{507087C0-E7C9-47BE-B5A0-592EEC8B37D0}.Debug|x64.ActiveCfg = Debug|x64
		{507087C0-E7C9-47BE-B5A0-592EEC8B37D0}.Debug|x64.Build.0 = Debug|x64
		{507087C0-E7C9-47BE-B5A0-592EEC8B37D0}.Debug|x64.Deploy.0 = Debug|x64
		{507087C0-E7C9-47BE-B5A0-592EEC8B37D0}.Debug|x86.ActiveCfg = Debug|x86
		{507087C0-E7C9-47BE-B5A0-592EEC8B37D0}.Debug|x86.Build.0 = Debug|x86
		{507087C0-E7C9-47BE-B5A0-592EEC8B37D0}.Debug|x86.Deploy.0 = Debug|x86
		{507087C0-E7C9-47BE-B5A0-592EEC8B37D0}.Release|Any CPU.ActiveCfg = Release|x86
		{507087C0-E7C9-47BE-B5A0-592EEC8B37D0}.Release|ARM.ActiveCfg = Release|ARM
		{507087C0-E7C9-47BE-B5A0-592EEC8B37D0}.Release|ARM.Build.0 = Release|ARM
		{507087C0-E7C9-47BE-B5A0-592EEC8B37D0}.Release|ARM.Deploy.0 = Release|ARM
		{507087C0-E7C9-47BE-B5A0-592EEC8B37D0}.Release|iPhone.ActiveCfg = Release|x86
		{507087C0-E7C9-47BE-B5A0-592EEC8B37D0}.Release|iPhoneSimulator.ActiveCfg = Release|x86
		{507087C0-E7C9-47BE-B5A0-592EEC8B37D0}.Release|x64.ActiveCfg = Release|x64
		{507087C0-E7C9-47BE-B5A0-592EEC8B37D0}.Release|x64.Build.0 = Release|x64
		{507087C0-E7C9-47BE-B5A0-592EEC8B37D0}.Release|x64.Deploy.0 = Release|x64
		{507087C0-E7C9-47BE-B5A0-592EEC8B37D0}.Release|x86.ActiveCfg = Release|x86
		{507087C0-E7C9-47BE-B5A0-592EEC8B37D0}.Release|x86.Build.0 = Release|x86
		{507087C0-E7C9-47BE-B5A0-592EEC8B37D0}.Release|x86.Deploy.0 = Release|x86
		{9938CA1F-D462-464E-9E13-7868EA7391E2}.Ad-Hoc|Any CPU.ActiveCfg = Ad-Hoc|iPhone
		{9938CA1F-D462-464E-9E13-7868EA7391E2}.Ad-Hoc|ARM.ActiveCfg = Ad-Hoc|iPhone
		{9938CA1F-D462-464E-9E13-7868EA7391E2}.Ad-Hoc|iPhone.ActiveCfg = Ad-Hoc|iPhone
		{9938CA1F-D462-464E-9E13-7868EA7391E2}.Ad-Hoc|iPhone.Build.0 = Ad-Hoc|iPhone
		{9938CA1F-D462-464E-9E13-7868EA7391E2}.Ad-Hoc|iPhoneSimulator.ActiveCfg = Ad-Hoc|iPhoneSimulator
		{9938CA1F-D462-464E-9E13-7868EA7391E2}.Ad-Hoc|iPhoneSimulator.Build.0 = Ad-Hoc|iPhoneSimulator
		{9938CA1F-D462-464E-9E13-7868EA7391E2}.Ad-Hoc|x64.ActiveCfg = Ad-Hoc|iPhone
		{9938CA1F-D462-464E-9E13-7868EA7391E2}.Ad-Hoc|x86.ActiveCfg = Ad-Hoc|iPhone
		{9938CA1F-D462-464E-9E13-7868EA7391E2}.AppStore|Any CPU.ActiveCfg = AppStore|iPhone
		{9938CA1F-D462-464E-9E13-7868EA7391E2}.AppStore|ARM.ActiveCfg = AppStore|iPhone
		{9938CA1F-D462-464E-9E13-7868EA7391E2}.AppStore|iPhone.ActiveCfg = AppStore|iPhone
		{9938CA1F-D462-464E-9E13-7868EA7391E2}.AppStore|iPhone.Build.0 = AppStore|iPhone
		{9938CA1F-D462-464E-9E13-7868EA7391E2}.AppStore|iPhoneSimulator.ActiveCfg = AppStore|iPhoneSimulator
		{9938CA1F-D462-464E-9E13-7868EA7391E2}.AppStore|iPhoneSimulator.Build.0 = AppStore|iPhoneSimulator
		{9938CA1F-D462-464E-9E13-7868EA7391E2}.AppStore|x64.ActiveCfg = AppStore|iPhone
		{9938CA1F-D462-464E-9E13-7868EA7391E2}.AppStore|x86.ActiveCfg = AppStore|iPhone
		{9938CA1F-D462-464E-9E13-7868EA7391E2}.Debug|Any CPU.ActiveCfg = Debug|iPhone
		{9938CA1F-D462-464E-9E13-7868EA7391E2}.Debug|ARM.ActiveCfg = Debug|iPhone
		{9938CA1F-D462-464E-9E13-7868EA7391E2}.Debug|iPhone.ActiveCfg = Debug|iPhone
		{9938CA1F-D462-464E-9E13-7868EA7391E2}.Debug|iPhone.Build.0 = Debug|iPhone
		{9938CA1F-D462-464E-9E13-7868EA7391E2}.Debug|iPhoneSimulator.ActiveCfg = Debug|iPhoneSimulator
		{9938CA1F-D462-464E-9E13-7868EA7391E2}.Debug|iPhoneSimulator.Build.0 = Debug|iPhoneSimulator
		{9938CA1F-D462-464E-9E13-7868EA7391E2}.Debug|x64.ActiveCfg = Debug|iPhone
		{9938CA1F-D462-464E-9E13-7868EA7391E2}.Debug|x86.ActiveCfg = Debug|iPhone
		{9938CA1F-D462-464E-9E13-7868EA7391E2}.Release|Any CPU.ActiveCfg = Release|iPhone
		{9938CA1F-D462-464E-9E13-7868EA7391E2}.Release|ARM.ActiveCfg = Release|iPhone
		{9938CA1F-D462-464E-9E13-7868EA7391E2}.Release|iPhone.ActiveCfg = Release|iPhone
		{9938CA1F-D462-464E-9E13-7868EA7391E2}.Release|iPhone.Build.0 = Release|iPhone
		{9938CA1F-D462-464E-9E13-7868EA7391E2}.Release|iPhoneSimulator.ActiveCfg = Release|iPhoneSimulator
		{9938CA1F-D462-464E-9E13-7868EA7391E2}.Release|iPhoneSimulator.Build.0 = Release|iPhoneSimulator
		{9938CA1F-D462-464E-9E13-7868EA7391E2}.Release|x64.ActiveCfg = Release|iPhone
		{9938CA1F-D462-464E-9E13-7868EA7391E2}.Release|x86.ActiveCfg = Release|iPhone
	EndGlobalSection
	GlobalSection(SolutionProperties) = preSolution
		HideSolutionNode = FALSE
	EndGlobalSection
	GlobalSection(ExtensibilityGlobals) = postSolution
		SolutionGuid = {53260802-6500-4311-A769-D821022ED0D7}
	EndGlobalSection
EndGlobal
